
Microsoft Visual Studio Solution File, Format Version 12.00
# Visual Studio Version 17
VisualStudioVersion = 17.5.33502.453
MinimumVisualStudioVersion = 10.0.40219.1
Project("{9A19103F-16F7-4668-BE54-9A1E7A4F7556}") = "JaguarPhone", "JaguarPhone\JaguarPhone.csproj", "{FCA3FAD7-07D1-4EFE-B25C-126736762589}"
EndProject
Project("{9A19103F-16F7-4668-BE54-9A1E7A4F7556}") = "TestJaguarPhone", "TestJaguarPhone\TestJaguarPhone.csproj", "{6B829AC5-3492-455F-9427-69F6B7BCEA11}"
EndProject
Global
	GlobalSection(SolutionConfigurationPlatforms) = preSolution
		Debug|Any CPU = Debug|Any CPU
		Release|Any CPU = Release|Any CPU
	EndGlobalSection
	GlobalSection(ProjectConfigurationPlatforms) = postSolution
		{FCA3FAD7-07D1-4EFE-B25C-126736762589}.Debug|Any CPU.ActiveCfg = Debug|Any CPU
		{FCA3FAD7-07D1-4EFE-B25C-126736762589}.Debug|Any CPU.Build.0 = Debug|Any CPU
		{FCA3FAD7-07D1-4EFE-B25C-126736762589}.Release|Any CPU.ActiveCfg = Release|Any CPU
		{FCA3FAD7-07D1-4EFE-B25C-126736762589}.Release|Any CPU.Build.0 = Release|Any CPU
		{6B829AC5-3492-455F-9427-69F6B7BCEA11}.Debug|Any CPU.ActiveCfg = Debug|Any CPU
		{6B829AC5-3492-455F-9427-69F6B7BCEA11}.Debug|Any CPU.Build.0 = Debug|Any CPU
		{6B829AC5-3492-455F-9427-69F6B7BCEA11}.Release|Any CPU.ActiveCfg = Release|Any CPU
		{6B829AC5-3492-455F-9427-69F6B7BCEA11}.Release|Any CPU.Build.0 = Release|Any CPU
	EndGlobalSection
	GlobalSection(SolutionProperties) = preSolution
		HideSolutionNode = FALSE
	EndGlobalSection
	GlobalSection(ExtensibilityGlobals) = postSolution
		SolutionGuid = {4920EA59-9066-4AFA-92AA-6044AFDAC42E}
	EndGlobalSection
EndGlobal
